// !$*UTF8*$!
{
	archiveVersion = 1;
	classes = {
	};
	objectVersion = 50;
	objects = {

/* Begin PBXBuildFile section */
		3284196D2246C7EE009616B0 /* AppDelegate.swift in Sources */ = {isa = PBXBuildFile; fileRef = 3284196C2246C7ED009616B0 /* AppDelegate.swift */; };
		328419702246C7FD009616B0 /* ChemicalCompositionViewController.swift in Sources */ = {isa = PBXBuildFile; fileRef = 3284196E2246C7FC009616B0 /* ChemicalCompositionViewController.swift */; };
		328419712246C7FD009616B0 /* GlucoseViewController.swift in Sources */ = {isa = PBXBuildFile; fileRef = 3284196F2246C7FD009616B0 /* GlucoseViewController.swift */; };
		328419752246C809009616B0 /* PotassiumViewController.swift in Sources */ = {isa = PBXBuildFile; fileRef = 328419722246C809009616B0 /* PotassiumViewController.swift */; };
		328419762246C809009616B0 /* LactateViewController.swift in Sources */ = {isa = PBXBuildFile; fileRef = 328419732246C809009616B0 /* LactateViewController.swift */; };
		328419772246C809009616B0 /* LoginViewController.swift in Sources */ = {isa = PBXBuildFile; fileRef = 328419742246C809009616B0 /* LoginViewController.swift */; };
		3284197C2246C849009616B0 /* Main.storyboard in Resources */ = {isa = PBXBuildFile; fileRef = 3284197E2246C849009616B0 /* Main.storyboard */; };
		3284197F2246C850009616B0 /* LaunchScreen.storyboard in Resources */ = {isa = PBXBuildFile; fileRef = 328419812246C850009616B0 /* LaunchScreen.storyboard */; };
		328419832246C8E8009616B0 /* BalloonMarker.swift in Sources */ = {isa = PBXBuildFile; fileRef = 328419822246C8E8009616B0 /* BalloonMarker.swift */; };
		328419852246C8F1009616B0 /* UUIDKey.swift in Sources */ = {isa = PBXBuildFile; fileRef = 328419842246C8F1009616B0 /* UUIDKey.swift */; };
		32B1D90322A48E560038BC4F /* DateValueFormatter.swift in Sources */ = {isa = PBXBuildFile; fileRef = 32B1D90222A48E560038BC4F /* DateValueFormatter.swift */; };
		32E434922246C57900AC263C /* Assets.xcassets in Resources */ = {isa = PBXBuildFile; fileRef = 32E434912246C57900AC263C /* Assets.xcassets */; };
		DA92F6951B7496206E801233 /* libPods-TBITracker.a in Frameworks */ = {isa = PBXBuildFile; fileRef = 6B82C3B0D2DEF903778224B5 /* libPods-TBITracker.a */; };
/* End PBXBuildFile section */

/* Begin PBXFileReference section */
		0A4CCC7902E16DFBEABA169B /* Pods-TBITracker.debug.xcconfig */ = {isa = PBXFileReference; includeInIndex = 1; lastKnownFileType = text.xcconfig; name = "Pods-TBITracker.debug.xcconfig"; path = "Target Support Files/Pods-TBITracker/Pods-TBITracker.debug.xcconfig"; sourceTree = "<group>"; };
		222CFB0F2FC954F1C0E7670A /* Pods-TBITracker.release.xcconfig */ = {isa = PBXFileReference; includeInIndex = 1; lastKnownFileType = text.xcconfig; name = "Pods-TBITracker.release.xcconfig"; path = "Target Support Files/Pods-TBITracker/Pods-TBITracker.release.xcconfig"; sourceTree = "<group>"; };
		3284196B2246C7ED009616B0 /* TBITracker-Bridging-Header.h */ = {isa = PBXFileReference; lastKnownFileType = sourcecode.c.h; path = "TBITracker-Bridging-Header.h"; sourceTree = "<group>"; };
		3284196C2246C7ED009616B0 /* AppDelegate.swift */ = {isa = PBXFileReference; fileEncoding = 4; lastKnownFileType = sourcecode.swift; path = AppDelegate.swift; sourceTree = "<group>"; };
		3284196E2246C7FC009616B0 /* ChemicalCompositionViewController.swift */ = {isa = PBXFileReference; fileEncoding = 4; lastKnownFileType = sourcecode.swift; path = ChemicalCompositionViewController.swift; sourceTree = "<group>"; };
		3284196F2246C7FD009616B0 /* GlucoseViewController.swift */ = {isa = PBXFileReference; fileEncoding = 4; lastKnownFileType = sourcecode.swift; path = GlucoseViewController.swift; sourceTree = "<group>"; };
		328419722246C809009616B0 /* PotassiumViewController.swift */ = {isa = PBXFileReference; fileEncoding = 4; lastKnownFileType = sourcecode.swift; path = PotassiumViewController.swift; sourceTree = "<group>"; };
		328419732246C809009616B0 /* LactateViewController.swift */ = {isa = PBXFileReference; fileEncoding = 4; lastKnownFileType = sourcecode.swift; path = LactateViewController.swift; sourceTree = "<group>"; };
		328419742246C809009616B0 /* LoginViewController.swift */ = {isa = PBXFileReference; fileEncoding = 4; lastKnownFileType = sourcecode.swift; path = LoginViewController.swift; sourceTree = "<group>"; };
		3284197D2246C849009616B0 /* Base */ = {isa = PBXFileReference; lastKnownFileType = file.storyboard; name = Base; path = Base.lproj/Main.storyboard; sourceTree = "<group>"; };
		328419802246C850009616B0 /* Base */ = {isa = PBXFileReference; lastKnownFileType = file.storyboard; name = Base; path = Base.lproj/LaunchScreen.storyboard; sourceTree = "<group>"; };
		328419822246C8E8009616B0 /* BalloonMarker.swift */ = {isa = PBXFileReference; fileEncoding = 4; lastKnownFileType = sourcecode.swift; path = BalloonMarker.swift; sourceTree = "<group>"; };
		328419842246C8F1009616B0 /* UUIDKey.swift */ = {isa = PBXFileReference; fileEncoding = 4; lastKnownFileType = sourcecode.swift; path = UUIDKey.swift; sourceTree = "<group>"; };
		32B1D90222A48E560038BC4F /* DateValueFormatter.swift */ = {isa = PBXFileReference; lastKnownFileType = sourcecode.swift; path = DateValueFormatter.swift; sourceTree = "<group>"; };
		32E434872246C57600AC263C /* TBITracker.app */ = {isa = PBXFileReference; explicitFileType = wrapper.application; includeInIndex = 0; path = TBITracker.app; sourceTree = BUILT_PRODUCTS_DIR; };
		32E434912246C57900AC263C /* Assets.xcassets */ = {isa = PBXFileReference; lastKnownFileType = folder.assetcatalog; path = Assets.xcassets; sourceTree = "<group>"; };
		32E434962246C57900AC263C /* Info.plist */ = {isa = PBXFileReference; lastKnownFileType = text.plist.xml; path = Info.plist; sourceTree = "<group>"; };
		6B82C3B0D2DEF903778224B5 /* libPods-TBITracker.a */ = {isa = PBXFileReference; explicitFileType = archive.ar; includeInIndex = 0; path = "libPods-TBITracker.a"; sourceTree = BUILT_PRODUCTS_DIR; };
/* End PBXFileReference section */

/* Begin PBXFrameworksBuildPhase section */
		32E434842246C57600AC263C /* Frameworks */ = {
			isa = PBXFrameworksBuildPhase;
			buildActionMask = 2147483647;
			files = (
				DA92F6951B7496206E801233 /* libPods-TBITracker.a in Frameworks */,
			);
			runOnlyForDeploymentPostprocessing = 0;
		};
/* End PBXFrameworksBuildPhase section */

/* Begin PBXGroup section */
		02AB8BC5CF21FDCD3852495A /* Frameworks */ = {
			isa = PBXGroup;
			children = (
				6B82C3B0D2DEF903778224B5 /* libPods-TBITracker.a */,
			);
			name = Frameworks;
			sourceTree = "<group>";
		};
		32E4347E2246C57600AC263C = {
			isa = PBXGroup;
			children = (
				32E434892246C57600AC263C /* TBITracker */,
				32E434882246C57600AC263C /* Products */,
				D58BDFE0F5AD315EEE4C9473 /* Pods */,
				02AB8BC5CF21FDCD3852495A /* Frameworks */,
			);
			sourceTree = "<group>";
		};
		32E434882246C57600AC263C /* Products */ = {
			isa = PBXGroup;
			children = (
				32E434872246C57600AC263C /* TBITracker.app */,
			);
			name = Products;
			sourceTree = "<group>";
		};
		32E434892246C57600AC263C /* TBITracker */ = {
			isa = PBXGroup;
			children = (
				3284196C2246C7ED009616B0 /* AppDelegate.swift */,
				328419742246C809009616B0 /* LoginViewController.swift */,
				3284196E2246C7FC009616B0 /* ChemicalCompositionViewController.swift */,
				32B1D90222A48E560038BC4F /* DateValueFormatter.swift */,
				328419722246C809009616B0 /* PotassiumViewController.swift */,
				3284196F2246C7FD009616B0 /* GlucoseViewController.swift */,
				328419732246C809009616B0 /* LactateViewController.swift */,
				328419822246C8E8009616B0 /* BalloonMarker.swift */,
				328419842246C8F1009616B0 /* UUIDKey.swift */,
				328419812246C850009616B0 /* LaunchScreen.storyboard */,
				3284197E2246C849009616B0 /* Main.storyboard */,
				32E434912246C57900AC263C /* Assets.xcassets */,
				32E434962246C57900AC263C /* Info.plist */,
				3284196B2246C7ED009616B0 /* TBITracker-Bridging-Header.h */,
			);
			path = TBITracker;
			sourceTree = "<group>";
		};
		D58BDFE0F5AD315EEE4C9473 /* Pods */ = {
			isa = PBXGroup;
			children = (
				0A4CCC7902E16DFBEABA169B /* Pods-TBITracker.debug.xcconfig */,
				222CFB0F2FC954F1C0E7670A /* Pods-TBITracker.release.xcconfig */,
			);
			path = Pods;
			sourceTree = "<group>";
		};
/* End PBXGroup section */

/* Begin PBXNativeTarget section */
		32E434862246C57600AC263C /* TBITracker */ = {
			isa = PBXNativeTarget;
			buildConfigurationList = 32E434992246C57900AC263C /* Build configuration list for PBXNativeTarget "TBITracker" */;
			buildPhases = (
				653D3EB24EC025BFB69630C3 /* [CP] Check Pods Manifest.lock */,
				32E434832246C57600AC263C /* Sources */,
				32E434842246C57600AC263C /* Frameworks */,
				32E434852246C57600AC263C /* Resources */,
			);
			buildRules = (
			);
			dependencies = (
			);
			name = TBITracker;
			productName = TBITracker;
			productReference = 32E434872246C57600AC263C /* TBITracker.app */;
			productType = "com.apple.product-type.application";
		};
/* End PBXNativeTarget section */

/* Begin PBXProject section */
		32E4347F2246C57600AC263C /* Project object */ = {
			isa = PBXProject;
			attributes = {
				LastSwiftUpdateCheck = 1010;
				LastUpgradeCheck = 1010;
				ORGANIZATIONNAME = "Aishwarya Pattar";
				TargetAttributes = {
					32E434862246C57600AC263C = {
						CreatedOnToolsVersion = 10.1;
						LastSwiftMigration = 1010;
					};
				};
			};
			buildConfigurationList = 32E434822246C57600AC263C /* Build configuration list for PBXProject "TBITracker" */;
			compatibilityVersion = "Xcode 9.3";
			developmentRegion = en;
			hasScannedForEncodings = 0;
			knownRegions = (
				en,
				Base,
			);
			mainGroup = 32E4347E2246C57600AC263C;
			productRefGroup = 32E434882246C57600AC263C /* Products */;
			projectDirPath = "";
			projectRoot = "";
			targets = (
				32E434862246C57600AC263C /* TBITracker */,
			);
		};
/* End PBXProject section */

/* Begin PBXResourcesBuildPhase section */
		32E434852246C57600AC263C /* Resources */ = {
			isa = PBXResourcesBuildPhase;
			buildActionMask = 2147483647;
			files = (
				3284197C2246C849009616B0 /* Main.storyboard in Resources */,
				32E434922246C57900AC263C /* Assets.xcassets in Resources */,
				3284197F2246C850009616B0 /* LaunchScreen.storyboard in Resources */,
			);
			runOnlyForDeploymentPostprocessing = 0;
		};
/* End PBXResourcesBuildPhase section */

/* Begin PBXShellScriptBuildPhase section */
		653D3EB24EC025BFB69630C3 /* [CP] Check Pods Manifest.lock */ = {
			isa = PBXShellScriptBuildPhase;
			buildActionMask = 2147483647;
			files = (
			);
			inputFileListPaths = (
			);
			inputPaths = (
				"${PODS_PODFILE_DIR_PATH}/Podfile.lock",
				"${PODS_ROOT}/Manifest.lock",
			);
			name = "[CP] Check Pods Manifest.lock";
			outputFileListPaths = (
			);
			outputPaths = (
				"$(DERIVED_FILE_DIR)/Pods-TBITracker-checkManifestLockResult.txt",
			);
			runOnlyForDeploymentPostprocessing = 0;
			shellPath = /bin/sh;
			shellScript = "diff \"${PODS_PODFILE_DIR_PATH}/Podfile.lock\" \"${PODS_ROOT}/Manifest.lock\" > /dev/null\nif [ $? != 0 ] ; then\n    # print error to STDERR\n    echo \"error: The sandbox is not in sync with the Podfile.lock. Run 'pod install' or update your CocoaPods installation.\" >&2\n    exit 1\nfi\n# This output is used by Xcode 'outputs' to avoid re-running this script phase.\necho \"SUCCESS\" > \"${SCRIPT_OUTPUT_FILE_0}\"\n";
			showEnvVarsInLog = 0;
		};
/* End PBXShellScriptBuildPhase section */

/* Begin PBXSourcesBuildPhase section */
		32E434832246C57600AC263C /* Sources */ = {
			isa = PBXSourcesBuildPhase;
			buildActionMask = 2147483647;
			files = (
				328419852246C8F1009616B0 /* UUIDKey.swift in Sources */,
				328419772246C809009616B0 /* LoginViewController.swift in Sources */,
				328419752246C809009616B0 /* PotassiumViewController.swift in Sources */,
				3284196D2246C7EE009616B0 /* AppDelegate.swift in Sources */,
				328419762246C809009616B0 /* LactateViewController.swift in Sources */,
				32B1D90322A48E560038BC4F /* DateValueFormatter.swift in Sources */,
				328419712246C7FD009616B0 /* GlucoseViewController.swift in Sources */,
				328419702246C7FD009616B0 /* ChemicalCompositionViewController.swift in Sources */,
				328419832246C8E8009616B0 /* BalloonMarker.swift in Sources */,
			);
			runOnlyForDeploymentPostprocessing = 0;
		};
/* End PBXSourcesBuildPhase section */

/* Begin PBXVariantGroup section */
		3284197E2246C849009616B0 /* Main.storyboard */ = {
			isa = PBXVariantGroup;
			children = (
				3284197D2246C849009616B0 /* Base */,
			);
			name = Main.storyboard;
			sourceTree = "<group>";
		};
		328419812246C850009616B0 /* LaunchScreen.storyboard */ = {
			isa = PBXVariantGroup;
			children = (
				328419802246C850009616B0 /* Base */,
			);
			name = LaunchScreen.storyboard;
			sourceTree = "<group>";
		};
/* End PBXVariantGroup section */

/* Begin XCBuildConfiguration section */
		32E434972246C57900AC263C /* Debug */ = {
			isa = XCBuildConfiguration;
			buildSettings = {
				ALWAYS_SEARCH_USER_PATHS = NO;
				CLANG_ANALYZER_NONNULL = YES;
				CLANG_ANALYZER_NUMBER_OBJECT_CONVERSION = YES_AGGRESSIVE;
				CLANG_CXX_LANGUAGE_STANDARD = "gnu++14";
				CLANG_CXX_LIBRARY = "libc++";
				CLANG_ENABLE_MODULES = YES;
				CLANG_ENABLE_OBJC_ARC = YES;
				CLANG_ENABLE_OBJC_WEAK = YES;
				CLANG_WARN_BLOCK_CAPTURE_AUTORELEASING = YES;
				CLANG_WARN_BOOL_CONVERSION = YES;
				CLANG_WARN_COMMA = YES;
				CLANG_WARN_CONSTANT_CONVERSION = YES;
				CLANG_WARN_DEPRECATED_OBJC_IMPLEMENTATIONS = YES;
				CLANG_WARN_DIRECT_OBJC_ISA_USAGE = YES_ERROR;
				CLANG_WARN_DOCUMENTATION_COMMENTS = YES;
				CLANG_WARN_EMPTY_BODY = YES;
				CLANG_WARN_ENUM_CONVERSION = YES;
				CLANG_WARN_INFINITE_RECURSION = YES;
				CLANG_WARN_INT_CONVERSION = YES;
				CLANG_WARN_NON_LITERAL_NULL_CONVERSION = YES;
				CLANG_WARN_OBJC_IMPLICIT_RETAIN_SELF = YES;
				CLANG_WARN_OBJC_LITERAL_CONVERSION = YES;
				CLANG_WARN_OBJC_ROOT_CLASS = YES_ERROR;
				CLANG_WARN_RANGE_LOOP_ANALYSIS = YES;
				CLANG_WARN_STRICT_PROTOTYPES = YES;
				CLANG_WARN_SUSPICIOUS_MOVE = YES;
				CLANG_WARN_UNGUARDED_AVAILABILITY = YES_AGGRESSIVE;
				CLANG_WARN_UNREACHABLE_CODE = YES;
				CLANG_WARN__DUPLICATE_METHOD_MATCH = YES;
				CODE_SIGN_IDENTITY = "iPhone Developer";
				COPY_PHASE_STRIP = NO;
				DEBUG_INFORMATION_FORMAT = dwarf;
				ENABLE_STRICT_OBJC_MSGSEND = YES;
				ENABLE_TESTABILITY = YES;
				GCC_C_LANGUAGE_STANDARD = gnu11;
				GCC_DYNAMIC_NO_PIC = NO;
				GCC_NO_COMMON_BLOCKS = YES;
				GCC_OPTIMIZATION_LEVEL = 0;
				GCC_PREPROCESSOR_DEFINITIONS = (
					"DEBUG=1",
					"$(inherited)",
				);
				GCC_WARN_64_TO_32_BIT_CONVERSION = YES;
				GCC_WARN_ABOUT_RETURN_TYPE = YES_ERROR;
				GCC_WARN_UNDECLARED_SELECTOR = YES;
				GCC_WARN_UNINITIALIZED_AUTOS = YES_AGGRESSIVE;
				GCC_WARN_UNUSED_FUNCTION = YES;
				GCC_WARN_UNUSED_VARIABLE = YES;
				IPHONEOS_DEPLOYMENT_TARGET = 12.1;
				MTL_ENABLE_DEBUG_INFO = INCLUDE_SOURCE;
				MTL_FAST_MATH = YES;
				ONLY_ACTIVE_ARCH = YES;
				SDKROOT = iphoneos;
				SWIFT_ACTIVE_COMPILATION_CONDITIONS = DEBUG;
				SWIFT_OPTIMIZATION_LEVEL = "-Onone";
			};
			name = Debug;
		};
		32E434982246C57900AC263C /* Release */ = {
			isa = XCBuildConfiguration;
			buildSettings = {
				ALWAYS_SEARCH_USER_PATHS = NO;
				CLANG_ANALYZER_NONNULL = YES;
				CLANG_ANALYZER_NUMBER_OBJECT_CONVERSION = YES_AGGRESSIVE;
				CLANG_CXX_LANGUAGE_STANDARD = "gnu++14";
				CLANG_CXX_LIBRARY = "libc++";
				CLANG_ENABLE_MODULES = YES;
				CLANG_ENABLE_OBJC_ARC = YES;
				CLANG_ENABLE_OBJC_WEAK = YES;
				CLANG_WARN_BLOCK_CAPTURE_AUTORELEASING = YES;
				CLANG_WARN_BOOL_CONVERSION = YES;
				CLANG_WARN_COMMA = YES;
				CLANG_WARN_CONSTANT_CONVERSION = YES;
				CLANG_WARN_DEPRECATED_OBJC_IMPLEMENTATIONS = YES;
				CLANG_WARN_DIRECT_OBJC_ISA_USAGE = YES_ERROR;
				CLANG_WARN_DOCUMENTATION_COMMENTS = YES;
				CLANG_WARN_EMPTY_BODY = YES;
				CLANG_WARN_ENUM_CONVERSION = YES;
				CLANG_WARN_INFINITE_RECURSION = YES;
				CLANG_WARN_INT_CONVERSION = YES;
				CLANG_WARN_NON_LITERAL_NULL_CONVERSION = YES;
				CLANG_WARN_OBJC_IMPLICIT_RETAIN_SELF = YES;
				CLANG_WARN_OBJC_LITERAL_CONVERSION = YES;
				CLANG_WARN_OBJC_ROOT_CLASS = YES_ERROR;
				CLANG_WARN_RANGE_LOOP_ANALYSIS = YES;
				CLANG_WARN_STRICT_PROTOTYPES = YES;
				CLANG_WARN_SUSPICIOUS_MOVE = YES;
				CLANG_WARN_UNGUARDED_AVAILABILITY = YES_AGGRESSIVE;
				CLANG_WARN_UNREACHABLE_CODE = YES;
				CLANG_WARN__DUPLICATE_METHOD_MATCH = YES;
				CODE_SIGN_IDENTITY = "iPhone Developer";
				COPY_PHASE_STRIP = NO;
				DEBUG_INFORMATION_FORMAT = "dwarf-with-dsym";
				ENABLE_NS_ASSERTIONS = NO;
				ENABLE_STRICT_OBJC_MSGSEND = YES;
				GCC_C_LANGUAGE_STANDARD = gnu11;
				GCC_NO_COMMON_BLOCKS = YES;
				GCC_WARN_64_TO_32_BIT_CONVERSION = YES;
				GCC_WARN_ABOUT_RETURN_TYPE = YES_ERROR;
				GCC_WARN_UNDECLARED_SELECTOR = YES;
				GCC_WARN_UNINITIALIZED_AUTOS = YES_AGGRESSIVE;
				GCC_WARN_UNUSED_FUNCTION = YES;
				GCC_WARN_UNUSED_VARIABLE = YES;
				IPHONEOS_DEPLOYMENT_TARGET = 12.1;
				MTL_ENABLE_DEBUG_INFO = NO;
				MTL_FAST_MATH = YES;
				SDKROOT = iphoneos;
				SWIFT_COMPILATION_MODE = wholemodule;
				SWIFT_OPTIMIZATION_LEVEL = "-O";
				VALIDATE_PRODUCT = YES;
			};
			name = Release;
		};
		32E4349A2246C57900AC263C /* Debug */ = {
			isa = XCBuildConfiguration;
			baseConfigurationReference = 0A4CCC7902E16DFBEABA169B /* Pods-TBITracker.debug.xcconfig */;
			buildSettings = {
				ASSETCATALOG_COMPILER_APPICON_NAME = AppIcon;
				CLANG_ENABLE_MODULES = YES;
				CODE_SIGN_STYLE = Automatic;
				DEVELOPMENT_TEAM = NQ93LA4599;
				INFOPLIST_FILE = TBITracker/Info.plist;
				LD_RUNPATH_SEARCH_PATHS = (
					"$(inherited)",
					"@executable_path/Frameworks",
				);
				PRODUCT_BUNDLE_IDENTIFIER = uk.ac.ic.imperial.ajp15.TBITracker;
				PRODUCT_NAME = "$(TARGET_NAME)";
				SWIFT_OBJC_BRIDGING_HEADER = "TBITracker/TBITracker-Bridging-Header.h";
				SWIFT_OPTIMIZATION_LEVEL = "-Onone";
				SWIFT_VERSION = 4.2;
				TARGETED_DEVICE_FAMILY = 2;
			};
			name = Debug;
		};
		32E4349B2246C57900AC263C /* Release */ = {
			isa = XCBuildConfiguration;
			baseConfigurationReference = 222CFB0F2FC954F1C0E7670A /* Pods-TBITracker.release.xcconfig */;
			buildSettings = {
				ASSETCATALOG_COMPILER_APPICON_NAME = AppIcon;
				CLANG_ENABLE_MODULES = YES;
				CODE_SIGN_STYLE = Automatic;
				DEVELOPMENT_TEAM = NQ93LA4599;
				INFOPLIST_FILE = TBITracker/Info.plist;
				LD_RUNPATH_SEARCH_PATHS = (
					"$(inherited)",
					"@executable_path/Frameworks",
				);
				PRODUCT_BUNDLE_IDENTIFIER = uk.ac.ic.imperial.ajp15.TBITracker;
				PRODUCT_NAME = "$(TARGET_NAME)";
				SWIFT_OBJC_BRIDGING_HEADER = "TBITracker/TBITracker-Bridging-Header.h";
				SWIFT_VERSION = 4.2;
				TARGETED_DEVICE_FAMILY = 2;
			};
			name = Release;
		};
/* End XCBuildConfiguration section */

/* Begin XCConfigurationList section */
		32E434822246C57600AC263C /* Build configuration list for PBXProject "TBITracker" */ = {
			isa = XCConfigurationList;
			buildConfigurations = (
				32E434972246C57900AC263C /* Debug */,
				32E434982246C57900AC263C /* Release */,
			);
			defaultConfigurationIsVisible = 0;
			defaultConfigurationName = Release;
		};
		32E434992246C57900AC263C /* Build configuration list for PBXNativeTarget "TBITracker" */ = {
			isa = XCConfigurationList;
			buildConfigurations = (
				32E4349A2246C57900AC263C /* Debug */,
				32E4349B2246C57900AC263C /* Release */,
			);
			defaultConfigurationIsVisible = 0;
			defaultConfigurationName = Release;
		};
/* End XCConfigurationList section */
	};
	rootObject = 32E4347F2246C57600AC263C /* Project object */;
}
